# This file is autogenerated, do not edit; changes may be undone by the next 'dep ensure'.


[[projects]]
  digest = "1:a26f8da48b22e6176c1c6a2459904bb30bd0c49ada04b2963c2c3a203e81a620"
  name = "github.com/Masterminds/semver"
  packages = ["."]
  pruneopts = "NT"
  revision = "c7af12943936e8c39859482e61f0574c2fd7fc75"
  version = "v1.4.2"

[[projects]]
  digest = "1:3ccf8ba7afe02fd470c4f07d6eea4d0e6875da3d129f95b925f2003ce5dd2024"
  name = "github.com/StackExchange/wmi"
  packages = ["."]
  pruneopts = "NT"
  revision = "5d049714c4a64225c3c79a7cf7d02f7fb5b96338"
  version = "1.0.0"

[[projects]]
  branch = "master"
  digest = "1:e60ea12cc6af851334368f7df0e3e7f6827189a482324c9e3e9772f279a24df2"
  name = "github.com/bradfitz/slice"
  packages = ["."]
  pruneopts = "NT"
  revision = "d9036e2120b5ddfa53f3ebccd618c4af275f47da"

[[projects]]
  digest = "1:bc4aca7160cb2b28276850ff96acabaf834402a7edcf59bf82c31fbe7916f906"
  name = "github.com/davecgh/go-spew"
  packages = ["spew"]
  pruneopts = "NT"
  revision = "346938d642f2ec3594ed81d874461961cd0faa76"
  version = "v1.1.0"

[[projects]]
  digest = "1:52ec55889de2c93a772ceba253313c12f65444aac61a11182d4d119ef97479e8"
  name = "github.com/fatih/structs"
  packages = ["."]
  pruneopts = "NT"
  revision = "a720dfa8df582c51dee1b36feabb906bde1588bd"
  version = "v1.0"

[[projects]]
  digest = "1:ea26e3dbe8719d3de5728f3ffa04b9f7db7c302f8e8684b4391df72a817b1674"
  name = "github.com/go-ole/go-ole"
  packages = [
    ".",
    "oleutil",
  ]
  pruneopts = "NT"
  revision = "a41e3c4b706f6ae8dfbff342b06e40fa4d2d0506"
  version = "v1.2.1"

[[projects]]
  digest = "1:747c1fcb10f8f6734551465ab73c6ed9c551aa6e66250fb6683d1624f554546a"
  name = "github.com/go-sql-driver/mysql"
  packages = ["."]
  pruneopts = "NT"
  revision = "d523deb1b23d913de5bdada721a6071e71283618"
  version = "v1.4.0"

[[projects]]
  branch = "master"
  digest = "1:245bd4eb633039cd66106a5d340ae826d87f4e36a8602fcc940e14176fd26ea7"
  name = "github.com/google/btree"
  packages = ["."]
  pruneopts = "NT"
  revision = "e89373fe6b4a7413d7acd6da1725b83ef713e6e4"

[[projects]]
  digest = "1:c01767916c59f084bb7c41a7d5877c0f3099b1595cfa066e84ec6ad6b084dd89"
  name = "github.com/gorilla/context"
  packages = ["."]
  pruneopts = "NT"
  revision = "08b5f424b9271eedf6f9f0ce86cb9396ed337a42"
  version = "v1.1.1"

[[projects]]
  digest = "1:bf5cf1d53d703332e9bd8984c69784645b73a938317bf5ace9aadf20ac49379a"
  name = "github.com/gorilla/mux"
  packages = ["."]
  pruneopts = "NT"
  revision = "e3702bed27f0d39777b0b37b664b6280e8ef8fbf"
  version = "v1.6.2"

[[projects]]
  branch = "master"
  digest = "1:8925116d1edcd85fc0c014e1aa69ce12892489b48ee633a605c46d893b8c151f"
  name = "github.com/hashicorp/go-version"
  packages = ["."]
  pruneopts = "NT"
  revision = "23480c0665776210b5fbbac6eaaee40e3e6a96b7"

[[projects]]
  digest = "1:78b73b9d8d718dbe7fab23b2a0a1112a04ff8ee90e1c2913145046cc5ad9a88d"
  name = "github.com/montanaflynn/stats"
  packages = ["."]
  pruneopts = "NT"
  revision = "eeaced052adbcfeea372c749c281099ed7fdaa38"
  version = "0.2.0"

[[projects]]
  branch = "master"
  digest = "1:16bbae9910129be5a18b951eabacd54414d3faea094dfab92bb3c84884d46b11"
  name = "github.com/nu7hatch/gouuid"
  packages = ["."]
  pruneopts = "NT"
  revision = "179d4d0c4d8d407a32af483c2354df1d2c91e6c3"

[[projects]]
  branch = "master"
  digest = "1:00117d0034e0975687092f77c9b5000d17f7ee6e95be011dd4c91a8478da5d7b"
  name = "github.com/percona/go-mysql"
  packages = [
    "dsn",
    "event",
    "log",
    "log/slow",
    "query",
  ]
  pruneopts = "NT"
  revision = "82ed67a1d0f1779cd60a025c54e0827da0c0838b"

[[projects]]
  digest = "1:83ed1b90715eb700f62e0dd0af93fed67a34f22e6980f1027280443de8505e01"
  name = "github.com/percona/percona-toolkit"
  packages = [
    "src/go/mongolib/explain",
    "src/go/mongolib/fingerprinter",
    "src/go/mongolib/proto",
    "src/go/mongolib/stats",
    "src/go/mongolib/util",
  ]
  pruneopts = "NT"
  revision = "765975833f0a0b10e811972a8692cebdbc3c09ee"
  version = "3.0.9"

[[projects]]
  digest = "1:a24bf628fb777a8841308d94844c0a9e36a6d94360c6f7b3afe6cf5df80d3a03"
  name = "github.com/percona/pmgo"
  packages = ["."]
  pruneopts = "NT"
  revision = "497d06e28f910fbe26d5d60f59d36284a6901c6f"
  version = "0.5.2"

[[projects]]
  branch = "master"
  digest = "1:4d7ef71758e8059c3931a66a34d1e959b1de2ac2a4f2dcd7ba0f9859a515be10"
  name = "github.com/percona/pmm"
  packages = [
    "proto",
    "proto/config",
    "proto/metrics",
    "proto/qan",
    "proto/query",
  ]
  pruneopts = "NT"
  revision = "14e9a156f922df9c0b8e058b9fcede6c8d1f257b"

[[projects]]
  branch = "master"
  digest = "1:99b40952e0c7edbc3c6168c2efc2abd64a6820f94ce278799fb927c640745d94"
  name = "github.com/petar/GoLLRB"
  packages = ["llrb"]
  pruneopts = "NT"
  revision = "53be0d36a84c2a886ca057d34b6aa4468df9ccb4"

[[projects]]
  digest = "1:fbc918b43ebdb294fc7f178025f7e157cacc817adefa90e0dac50132e8a2a62e"
  name = "github.com/peterbourgon/diskv"
  packages = ["."]
  pruneopts = "NT"
  revision = "5f041e8faa004a95c88a202771f4cc3e991971e6"
  version = "v2.0.1"

[[projects]]
  digest = "1:5cf3f025cbee5951a4ee961de067c8a89fc95a5adabead774f82822efabab121"
  name = "github.com/pkg/errors"
  packages = ["."]
  pruneopts = "NT"
  revision = "645ef00459ed84a119197bfb8d8205042c6df63d"
  version = "v0.8.0"

[[projects]]
  digest = "1:0028cb19b2e4c3112225cd871870f2d9cf49b9b4276531f03438a88e94be86fe"
  name = "github.com/pmezard/go-difflib"
  packages = ["difflib"]
  pruneopts = "NT"
  revision = "792786c7400a136282c1664665ae0a8db921c6c2"
  version = "v1.0.0"

[[projects]]
  digest = "1:2611809ed5a4427ef94bc3457d5bcd3dfaa32dcf4d4f08d7ceccce478899f108"
  name = "github.com/shirou/gopsutil"
  packages = [
    "cpu",
    "host",
    "internal/common",
    "mem",
    "net",
    "process",
  ]
  pruneopts = "NT"
  revision = "c95755e4bcd7a62bb8bd33f3a597a7c7f35e2cf3"
  version = "v2.18.04"

[[projects]]
  branch = "master"
  digest = "1:869e13958e05ca96407cecebea71a60310256aba8f70244d05a06ce09e3f60ba"
  name = "github.com/shirou/w32"
  packages = ["."]
  pruneopts = "NT"
  revision = "bb4de0191aa41b5507caa14b0650cdbddcd9280b"

[[projects]]
  digest = "1:073d9264c9038ea4d560df1e80008ff72d00dadb00dc6ffd9c162ed2cd1373b4"
  name = "github.com/stretchr/testify"
  packages = [
    "assert",
    "require",
    "suite",
  ]
  pruneopts = "NT"
  revision = "12b6f73e6084dad08a7c6e575284b177ecafbc71"
  version = "v1.2.1"

[[projects]]
  branch = "master"
  digest = "1:9957c325a80ff29d4732624ca579967795df3bffdd1a080721b9d8179a22c9d7"
  name = "go4.org"
  packages = ["reflectutil"]
  pruneopts = "NT"
  revision = "9599cf28b011184741f249bd9f9330756b506cbc"

[[projects]]
  branch = "master"
  digest = "1:7a744ae14fb4c420969ebd39294bf4be387fc3a9820f106e8f6f98cb6476605b"
  name = "golang.org/x/net"
  packages = [
    "context",
    "websocket",
  ]
  pruneopts = "NT"
  revision = "57065200b4b034a1c8ad54ff77069408c2218ae6"

[[projects]]
  branch = "master"
  digest = "1:3c9d2541e9ae974d05af0c83d975d9c2f625a7c13ab79c072a78055df4dc61e2"
  name = "golang.org/x/sys"
  packages = [
    "unix",
    "windows",
  ]
  pruneopts = "NT"
  revision = "7c87d13f8e835d2fb3a70a2912c811ed0c1d241b"

[[projects]]
  digest = "1:a379c73f929b602cf35edd451b2a911c4bfd41a23bc86462342d783c8adcf05b"
  name = "google.golang.org/appengine"
  packages = ["cloudsql"]
  pruneopts = "NT"
  revision = "150dc57a1b433e64154302bdc40b6bb8aefa313a"
  version = "v1.0.0"

[[projects]]
  branch = "v1"
  digest = "1:0c0dfc6cf4abe5dab1ed03118f6cff3ac7345317dce2f35b32fe820b0154f6a1"
  name = "gopkg.in/check.v1"
  packages = ["."]
  pruneopts = "NT"
  revision = "20d25e2804050c1cd24a7eea1e7a6447dd0e74ec"

[[projects]]
  branch = "v2"
  digest = "1:6268bbeb8d00c6e3e4220904d557aa5b131884dcfca63f6c452c26da384df734"
  name = "gopkg.in/mgo.v2"
  packages = [
    ".",
    "bson",
    "dbtest",
    "internal/json",
    "internal/sasl",
    "internal/scram",
  ]
  pruneopts = "NT"
  revision = "3f83fa5005286a7fe593b055f0d7771a7dce4655"

[[projects]]
  branch = "v2"
  digest = "1:4a4a84807a00390f3b8dd9c5efeeef92345d06115baa2e7fbfad4d22f2486ca1"
  name = "gopkg.in/tomb.v2"
  packages = ["."]
  pruneopts = "NT"
  revision = "d5d1b5820637886def9eef33e03a27a9f166942c"

[solve-meta]
  analyzer-name = "dep"
  analyzer-version = 1
  input-imports = [
    "github.com/Masterminds/semver",
    "github.com/fatih/structs",
    "github.com/go-sql-driver/mysql",
    "github.com/gorilla/mux",
    "github.com/hashicorp/go-version",
    "github.com/nu7hatch/gouuid",
    "github.com/percona/go-mysql/dsn",
    "github.com/percona/go-mysql/event",
    "github.com/percona/go-mysql/log",
    "github.com/percona/go-mysql/log/slow",
    "github.com/percona/go-mysql/query",
    "github.com/percona/percona-toolkit/src/go/mongolib/explain",
    "github.com/percona/percona-toolkit/src/go/mongolib/fingerprinter",
    "github.com/percona/percona-toolkit/src/go/mongolib/proto",
    "github.com/percona/percona-toolkit/src/go/mongolib/stats",
    "github.com/percona/pmgo",
    "github.com/percona/pmm/proto",
    "github.com/percona/pmm/proto/config",
    "github.com/percona/pmm/proto/qan",
    "github.com/peterbourgon/diskv",
    "github.com/pkg/errors",
    "github.com/stretchr/testify/assert",
    "github.com/stretchr/testify/require",
    "github.com/stretchr/testify/suite",
    "golang.org/x/net/websocket",
    "gopkg.in/check.v1",
    "gopkg.in/mgo.v2",
    "gopkg.in/mgo.v2/bson",
  ]
  solver-name = "gps-cdcl"
  solver-version = 1
